Microsoft Visual Studio Solution File, Format Version 12.00
# Visual Studio Version 17
VisualStudioVersion = 17.0.31903.59
MinimumVisualStudioVersion = 10.0.40219.1
Project("{FAE04EC0-301F-11D3-BF4B-00C04F79EFBC}") = "SmartFileManager", "SmartFileManager\SmartFileManager.csproj", "{D3F16428-6648-4D97-8B82-FA3B70413010}"
EndProject
Project("{FAE04EC0-301F-11D3-BF4B-00C04F79EFBC}") = "SmartFileManager.Tests", "SmartFileManager.Tests\SmartFileManager.Tests.csproj", "{3A030424-3D6D-448B-B701-426121017000}"
EndProject
Global
	GlobalSection(SolutionConfigurationPlatforms) = preSolution
		Debug|x64 = Debug|x64
		Release|x64 = Release|x64
	EndGlobalSection
	GlobalSection(ProjectConfigurationPlatforms) = postSolution
		{D3F16428-6648-4D97-8B82-FA3B70413010}.Debug|x64.ActiveCfg = Debug|x64
		{D3F16428-6648-4D97-8B82-FA3B70413010}.Debug|x64.Build.0 = Debug|x64
		{D3F16428-6648-4D97-8B82-FA3B70413010}.Release|x64.ActiveCfg = Release|x64
		{D3F16428-6648-4D97-8B82-FA3B70413010}.Release|x64.Build.0 = Release|x64
	EndGlobalSection
EndGlobal
